
Microsoft Visual Studio Solution File, Format Version 12.00
# Visual Studio 15
VisualStudioVersion = 15.0.28307.489
MinimumVisualStudioVersion = 10.0.40219.1
Project("{FAE04EC0-301F-11D3-BF4B-00C04F79EFBC}") = "OnlineResturent.Android", "OnlineResturent\OnlineResturent.Android\OnlineResturent.Android.csproj", "{7FF1A8CB-B7D2-475C-85EA-128261AC58A4}"
EndProject
Project("{FAE04EC0-301F-11D3-BF4B-00C04F79EFBC}") = "OnlineResturent.iOS", "OnlineResturent\OnlineResturent.iOS\OnlineResturent.iOS.csproj", "{C346BC5A-7125-447A-A874-25FE0D87CBF5}"
EndProject
Project("{FAE04EC0-301F-11D3-BF4B-00C04F79EFBC}") = "OnlineResturent", "OnlineResturent\OnlineResturent\OnlineResturent.csproj", "{C4F737C1-3DDA-4AD0-AE5F-90F643CB5F00}"
EndProject
Global
	GlobalSection(SolutionConfigurationPlatforms) = preSolution
		Ad-Hoc|Any CPU = Ad-Hoc|Any CPU
		Ad-Hoc|iPhone = Ad-Hoc|iPhone
		Ad-Hoc|iPhoneSimulator = Ad-Hoc|iPhoneSimulator
		AppStore|Any CPU = AppStore|Any CPU
		AppStore|iPhone = AppStore|iPhone
		AppStore|iPhoneSimulator = AppStore|iPhoneSimulator
		Debug|Any CPU = Debug|Any CPU
		Debug|iPhone = Debug|iPhone
		Debug|iPhoneSimulator = Debug|iPhoneSimulator
		Release|Any CPU = Release|Any CPU
		Release|iPhone = Release|iPhone
		Release|iPhoneSimulator = Release|iPhoneSimulator
	EndGlobalSection
	GlobalSection(ProjectConfigurationPlatforms) = postSolution
		{7FF1A8CB-B7D2-475C-85EA-128261AC58A4}.Ad-Hoc|Any CPU.ActiveCfg = Release|Any CPU
		{7FF1A8CB-B7D2-475C-85EA-128261AC58A4}.Ad-Hoc|Any CPU.Build.0 = Release|Any CPU
		{7FF1A8CB-B7D2-475C-85EA-128261AC58A4}.Ad-Hoc|Any CPU.Deploy.0 = Release|Any CPU
		{7FF1A8CB-B7D2-475C-85EA-128261AC58A4}.Ad-Hoc|iPhone.ActiveCfg = Release|Any CPU
		{7FF1A8CB-B7D2-475C-85EA-128261AC58A4}.Ad-Hoc|iPhone.Build.0 = Release|Any CPU
		{7FF1A8CB-B7D2-475C-85EA-128261AC58A4}.Ad-Hoc|iPhone.Deploy.0 = Release|Any CPU
		{7FF1A8CB-B7D2-475C-85EA-128261AC58A4}.Ad-Hoc|iPhoneSimulator.ActiveCfg = Release|Any CPU
		{7FF1A8CB-B7D2-475C-85EA-128261AC58A4}.Ad-Hoc|iPhoneSimulator.Build.0 = Release|Any CPU
		{7FF1A8CB-B7D2-475C-85EA-128261AC58A4}.Ad-Hoc|iPhoneSimulator.Deploy.0 = Release|Any CPU
		{7FF1A8CB-B7D2-475C-85EA-128261AC58A4}.AppStore|Any CPU.ActiveCfg = Release|Any CPU
		{7FF1A8CB-B7D2-475C-85EA-128261AC58A4}.AppStore|Any CPU.Build.0 = Release|Any CPU
		{7FF1A8CB-B7D2-475C-85EA-128261AC58A4}.AppStore|Any CPU.Deploy.0 = Release|Any CPU
		{7FF1A8CB-B7D2-475C-85EA-128261AC58A4}.AppStore|iPhone.ActiveCfg = Release|Any CPU
		{7FF1A8CB-B7D2-475C-85EA-128261AC58A4}.AppStore|iPhone.Build.0 = Release|Any CPU
		{7FF1A8CB-B7D2-475C-85EA-128261AC58A4}.AppStore|iPhone.Deploy.0 = Release|Any CPU
		{7FF1A8CB-B7D2-475C-85EA-128261AC58A4}.AppStore|iPhoneSimulator.ActiveCfg = Release|Any CPU
		{7FF1A8CB-B7D2-475C-85EA-128261AC58A4}.AppStore|iPhoneSimulator.Build.0 = Release|Any CPU
		{7FF1A8CB-B7D2-475C-85EA-128261AC58A4}.AppStore|iPhoneSimulator.Deploy.0 = Release|Any CPU
		{7FF1A8CB-B7D2-475C-85EA-128261AC58A4}.Debug|Any CPU.ActiveCfg = Debug|Any CPU
		{7FF1A8CB-B7D2-475C-85EA-128261AC58A4}.Debug|Any CPU.Build.0 = Debug|Any CPU
		{7FF1A8CB-B7D2-475C-85EA-128261AC58A4}.Debug|Any CPU.Deploy.0 = Debug|Any CPU
		{7FF1A8CB-B7D2-475C-85EA-128261AC58A4}.Debug|iPhone.ActiveCfg = Debug|Any CPU
		{7FF1A8CB-B7D2-475C-85EA-128261AC58A4}.Debug|iPhone.Build.0 = Debug|Any CPU
		{7FF1A8CB-B7D2-475C-85EA-128261AC58A4}.Debug|iPhone.Deploy.0 = Debug|Any CPU
		{7FF1A8CB-B7D2-475C-85EA-128261AC58A4}.Debug|iPhoneSimulator.ActiveCfg = Debug|Any CPU
		{7FF1A8CB-B7D2-475C-85EA-128261AC58A4}.Debug|iPhoneSimulator.Build.0 = Debug|Any CPU
		{7FF1A8CB-B7D2-475C-85EA-128261AC58A4}.Debug|iPhoneSimulator.Deploy.0 = Debug|Any CPU
		{7FF1A8CB-B7D2-475C-85EA-128261AC58A4}.Release|Any CPU.ActiveCfg = Release|Any CPU
		{7FF1A8CB-B7D2-475C-85EA-128261AC58A4}.Release|Any CPU.Build.0 = Release|Any CPU
		{7FF1A8CB-B7D2-475C-85EA-128261AC58A4}.Release|Any CPU.Deploy.0 = Release|Any CPU
		{7FF1A8CB-B7D2-475C-85EA-128261AC58A4}.Release|iPhone.ActiveCfg = Release|Any CPU
		{7FF1A8CB-B7D2-475C-85EA-128261AC58A4}.Release|iPhone.Build.0 = Release|Any CPU
		{7FF1A8CB-B7D2-475C-85EA-128261AC58A4}.Release|iPhone.Deploy.0 = Release|Any CPU
		{7FF1A8CB-B7D2-475C-85EA-128261AC58A4}.Release|iPhoneSimulator.ActiveCfg = Release|Any CPU
		{7FF1A8CB-B7D2-475C-85EA-128261AC58A4}.Release|iPhoneSimulator.Build.0 = Release|Any CPU
		{7FF1A8CB-B7D2-475C-85EA-128261AC58A4}.Release|iPhoneSimulator.Deploy.0 = Release|Any CPU
		{C346BC5A-7125-447A-A874-25FE0D87CBF5}.Ad-Hoc|Any CPU.ActiveCfg = Ad-Hoc|iPhone
		{C346BC5A-7125-447A-A874-25FE0D87CBF5}.Ad-Hoc|Any CPU.Build.0 = Ad-Hoc|iPhone
		{C346BC5A-7125-447A-A874-25FE0D87CBF5}.Ad-Hoc|Any CPU.Deploy.0 = Ad-Hoc|iPhone
		{C346BC5A-7125-447A-A874-25FE0D87CBF5}.Ad-Hoc|iPhone.ActiveCfg = Ad-Hoc|iPhone
		{C346BC5A-7125-447A-A874-25FE0D87CBF5}.Ad-Hoc|iPhone.Build.0 = Ad-Hoc|iPhone
		{C346BC5A-7125-447A-A874-25FE0D87CBF5}.Ad-Hoc|iPhone.Deploy.0 = Ad-Hoc|iPhone
		{C346BC5A-7125-447A-A874-25FE0D87CBF5}.Ad-Hoc|iPhoneSimulator.ActiveCfg = Ad-Hoc|iPhoneSimulator
		{C346BC5A-7125-447A-A874-25FE0D87CBF5}.Ad-Hoc|iPhoneSimulator.Build.0 = Ad-Hoc|iPhoneSimulator
		{C346BC5A-7125-447A-A874-25FE0D87CBF5}.Ad-Hoc|iPhoneSimulator.Deploy.0 = Ad-Hoc|iPhoneSimulator
		{C346BC5A-7125-447A-A874-25FE0D87CBF5}.AppStore|Any CPU.ActiveCfg = AppStore|iPhone
		{C346BC5A-7125-447A-A874-25FE0D87CBF5}.AppStore|Any CPU.Build.0 = AppStore|iPhone
		{C346BC5A-7125-447A-A874-25FE0D87CBF5}.AppStore|Any CPU.Deploy.0 = AppStore|iPhone
		{C346BC5A-7125-447A-A874-25FE0D87CBF5}.AppStore|iPhone.ActiveCfg = AppStore|iPhone
		{C346BC5A-7125-447A-A874-25FE0D87CBF5}.AppStore|iPhone.Build.0 = AppStore|iPhone
		{C346BC5A-7125-447A-A874-25FE0D87CBF5}.AppStore|iPhone.Deploy.0 = AppStore|iPhone
		{C346BC5A-7125-447A-A874-25FE0D87CBF5}.AppStore|iPhoneSimulator.ActiveCfg = AppStore|iPhoneSimulator
		{C346BC5A-7125-447A-A874-25FE0D87CBF5}.AppStore|iPhoneSimulator.Build.0 = AppStore|iPhoneSimulator
		{C346BC5A-7125-447A-A874-25FE0D87CBF5}.AppStore|iPhoneSimulator.Deploy.0 = AppStore|iPhoneSimulator
		{C346BC5A-7125-447A-A874-25FE0D87CBF5}.Debug|Any CPU.ActiveCfg = Debug|iPhoneSimulator
		{C346BC5A-7125-447A-A874-25FE0D87CBF5}.Debug|Any CPU.Build.0 = Debug|iPhoneSimulator
		{C346BC5A-7125-447A-A874-25FE0D87CBF5}.Debug|Any CPU.Deploy.0 = Debug|iPhoneSimulator
		{C346BC5A-7125-447A-A874-25FE0D87CBF5}.Debug|iPhone.ActiveCfg = Debug|iPhone
		{C346BC5A-7125-447A-A874-25FE0D87CBF5}.Debug|iPhone.Build.0 = Debug|iPhone
		{C346BC5A-7125-447A-A874-25FE0D87CBF5}.Debug|iPhone.Deploy.0 = Debug|iPhone
		{C346BC5A-7125-447A-A874-25FE0D87CBF5}.Debug|iPhoneSimulator.ActiveCfg = Debug|iPhoneSimulator
		{C346BC5A-7125-447A-A874-25FE0D87CBF5}.Debug|iPhoneSimulator.Build.0 = Debug|iPhoneSimulator
		{C346BC5A-7125-447A-A874-25FE0D87CBF5}.Debug|iPhoneSimulator.Deploy.0 = Debug|iPhoneSimulator
		{C346BC5A-7125-447A-A874-25FE0D87CBF5}.Release|Any CPU.ActiveCfg = Release|iPhone
		{C346BC5A-7125-447A-A874-25FE0D87CBF5}.Release|Any CPU.Build.0 = Release|iPhone
		{C346BC5A-7125-447A-A874-25FE0D87CBF5}.Release|Any CPU.Deploy.0 = Release|iPhone
		{C346BC5A-7125-447A-A874-25FE0D87CBF5}.Release|iPhone.ActiveCfg = Release|iPhone
		{C346BC5A-7125-447A-A874-25FE0D87CBF5}.Release|iPhone.Build.0 = Release|iPhone
		{C346BC5A-7125-447A-A874-25FE0D87CBF5}.Release|iPhone.Deploy.0 = Release|iPhone
		{C346BC5A-7125-447A-A874-25FE0D87CBF5}.Release|iPhoneSimulator.ActiveCfg = Release|iPhoneSimulator
		{C346BC5A-7125-447A-A874-25FE0D87CBF5}.Release|iPhoneSimulator.Build.0 = Release|iPhoneSimulator
		{C346BC5A-7125-447A-A874-25FE0D87CBF5}.Release|iPhoneSimulator.Deploy.0 = Release|iPhoneSimulator
		{C4F737C1-3DDA-4AD0-AE5F-90F643CB5F00}.Ad-Hoc|Any CPU.ActiveCfg = Debug|Any CPU
		{C4F737C1-3DDA-4AD0-AE5F-90F643CB5F00}.Ad-Hoc|Any CPU.Build.0 = Debug|Any CPU
		{C4F737C1-3DDA-4AD0-AE5F-90F643CB5F00}.Ad-Hoc|Any CPU.Deploy.0 = Debug|Any CPU
		{C4F737C1-3DDA-4AD0-AE5F-90F643CB5F00}.Ad-Hoc|iPhone.ActiveCfg = Debug|Any CPU
		{C4F737C1-3DDA-4AD0-AE5F-90F643CB5F00}.Ad-Hoc|iPhone.Build.0 = Debug|Any CPU
		{C4F737C1-3DDA-4AD0-AE5F-90F643CB5F00}.Ad-Hoc|iPhone.Deploy.0 = Debug|Any CPU
		{C4F737C1-3DDA-4AD0-AE5F-90F643CB5F00}.Ad-Hoc|iPhoneSimulator.ActiveCfg = Debug|Any CPU
		{C4F737C1-3DDA-4AD0-AE5F-90F643CB5F00}.Ad-Hoc|iPhoneSimulator.Build.0 = Debug|Any CPU
		{C4F737C1-3DDA-4AD0-AE5F-90F643CB5F00}.Ad-Hoc|iPhoneSimulator.Deploy.0 = Debug|Any CPU
		{C4F737C1-3DDA-4AD0-AE5F-90F643CB5F00}.AppStore|Any CPU.ActiveCfg = Debug|Any CPU
		{C4F737C1-3DDA-4AD0-AE5F-90F643CB5F00}.AppStore|Any CPU.Build.0 = Debug|Any CPU
		{C4F737C1-3DDA-4AD0-AE5F-90F643CB5F00}.AppStore|Any CPU.Deploy.0 = Debug|Any CPU
		{C4F737C1-3DDA-4AD0-AE5F-90F643CB5F00}.AppStore|iPhone.ActiveCfg = Debug|Any CPU
		{C4F737C1-3DDA-4AD0-AE5F-90F643CB5F00}.AppStore|iPhone.Build.0 = Debug|Any CPU
		{C4F737C1-3DDA-4AD0-AE5F-90F643CB5F00}.AppStore|iPhone.Deploy.0 = Debug|Any CPU
		{C4F737C1-3DDA-4AD0-AE5F-90F643CB5F00}.AppStore|iPhoneSimulator.ActiveCfg = Debug|Any CPU
		{C4F737C1-3DDA-4AD0-AE5F-90F643CB5F00}.AppStore|iPhoneSimulator.Build.0 = Debug|Any CPU
		{C4F737C1-3DDA-4AD0-AE5F-90F643CB5F00}.AppStore|iPhoneSimulator.Deploy.0 = Debug|Any CPU
		{C4F737C1-3DDA-4AD0-AE5F-90F643CB5F00}.Debug|Any CPU.ActiveCfg = Debug|Any CPU
		{C4F737C1-3DDA-4AD0-AE5F-90F643CB5F00}.Debug|Any CPU.Build.0 = Debug|Any CPU
		{C4F737C1-3DDA-4AD0-AE5F-90F643CB5F00}.Debug|Any CPU.Deploy.0 = Debug|Any CPU
		{C4F737C1-3DDA-4AD0-AE5F-90F643CB5F00}.Debug|iPhone.ActiveCfg = Debug|Any CPU
		{C4F737C1-3DDA-4AD0-AE5F-90F643CB5F00}.Debug|iPhone.Build.0 = Debug|Any CPU
		{C4F737C1-3DDA-4AD0-AE5F-90F643CB5F00}.Debug|iPhone.Deploy.0 = Debug|Any CPU
		{C4F737C1-3DDA-4AD0-AE5F-90F643CB5F00}.Debug|iPhoneSimulator.ActiveCfg = Debug|Any CPU
		{C4F737C1-3DDA-4AD0-AE5F-90F643CB5F00}.Debug|iPhoneSimulator.Build.0 = Debug|Any CPU
		{C4F737C1-3DDA-4AD0-AE5F-90F643CB5F00}.Debug|iPhoneSimulator.Deploy.0 = Debug|Any CPU
		{C4F737C1-3DDA-4AD0-AE5F-90F643CB5F00}.Release|Any CPU.ActiveCfg = Release|Any CPU
		{C4F737C1-3DDA-4AD0-AE5F-90F643CB5F00}.Release|Any CPU.Build.0 = Release|Any CPU
		{C4F737C1-3DDA-4AD0-AE5F-90F643CB5F00}.Release|Any CPU.Deploy.0 = Release|Any CPU
		{C4F737C1-3DDA-4AD0-AE5F-90F643CB5F00}.Release|iPhone.ActiveCfg = Release|Any CPU
		{C4F737C1-3DDA-4AD0-AE5F-90F643CB5F00}.Release|iPhone.Build.0 = Release|Any CPU
		{C4F737C1-3DDA-4AD0-AE5F-90F643CB5F00}.Release|iPhone.Deploy.0 = Release|Any CPU
		{C4F737C1-3DDA-4AD0-AE5F-90F643CB5F00}.Release|iPhoneSimulator.ActiveCfg = Release|Any CPU
		{C4F737C1-3DDA-4AD0-AE5F-90F643CB5F00}.Release|iPhoneSimulator.Build.0 = Release|Any CPU
		{C4F737C1-3DDA-4AD0-AE5F-90F643CB5F00}.Release|iPhoneSimulator.Deploy.0 = Release|Any CPU
	EndGlobalSection
	GlobalSection(SolutionProperties) = preSolution
		HideSolutionNode = FALSE
	EndGlobalSection
	GlobalSection(ExtensibilityGlobals) = postSolution
		SolutionGuid = {016DD531-FA7A-425F-8B7A-A479347C4B57}
	EndGlobalSection
EndGlobal
